
Microsoft Visual Studio Solution File, Format Version 12.00
# Visual Studio Version 17
VisualStudioVersion = 17.4.33122.133
MinimumVisualStudioVersion = 10.0.40219.1
Project("{FAE04EC0-301F-11D3-BF4B-00C04F79EFBC}") = "Homework 7", "Homework 7\Homework 7.csproj", "{01BCED97-0071-49A0-A6DE-7D9548F29B86}"
EndProject
Global
	GlobalSection(SolutionConfigurationPlatforms) = preSolution
		Debug|Any CPU = Debug|Any CPU
		Release|Any CPU = Release|Any CPU
	EndGlobalSection
	GlobalSection(ProjectConfigurationPlatforms) = postSolution
		{01BCED97-0071-49A0-A6DE-7D9548F29B86}.Debug|Any CPU.ActiveCfg = Debug|Any CPU
		{01BCED97-0071-49A0-A6DE-7D9548F29B86}.Debug|Any CPU.Build.0 = Debug|Any CPU
		{01BCED97-0071-49A0-A6DE-7D9548F29B86}.Release|Any CPU.ActiveCfg = Release|Any CPU
		{01BCED97-0071-49A0-A6DE-7D9548F29B86}.Release|Any CPU.Build.0 = Release|Any CPU
	EndGlobalSection
	GlobalSection(SolutionProperties) = preSolution
		HideSolutionNode = FALSE
	EndGlobalSection
	GlobalSection(ExtensibilityGlobals) = postSolution
		SolutionGuid = {373B1CF3-7789-4216-9240-0A0D8BA07AE0}
	EndGlobalSection
EndGlobal
